
Microsoft Visual Studio Solution File, Format Version 12.00
# Visual Studio Version 16
VisualStudioVersion = 16.0.29020.237
MinimumVisualStudioVersion = 10.0.40219.1
Project("{9A19103F-16F7-4668-BE54-9A1E7A4F7556}") = "Webapi", "Webapi\Webapi.csproj", "{500592E1-7D33-4A76-A60A-AC32DD7611EE}"
EndProject
Project("{FAE04EC0-301F-11D3-BF4B-00C04F79EFBC}") = "AuthenticationWebAPI", "AuthenticationWebAPI\AuthenticationWebAPI.csproj", "{D7EFB483-2C4D-4549-8C7E-715E1451A017}"
EndProject
Global
	GlobalSection(SolutionConfigurationPlatforms) = preSolution
		Debug|Any CPU = Debug|Any CPU
		Release|Any CPU = Release|Any CPU
	EndGlobalSection
	GlobalSection(ProjectConfigurationPlatforms) = postSolution
		{500592E1-7D33-4A76-A60A-AC32DD7611EE}.Debug|Any CPU.ActiveCfg = Debug|Any CPU
		{500592E1-7D33-4A76-A60A-AC32DD7611EE}.Debug|Any CPU.Build.0 = Debug|Any CPU
		{500592E1-7D33-4A76-A60A-AC32DD7611EE}.Release|Any CPU.ActiveCfg = Release|Any CPU
		{500592E1-7D33-4A76-A60A-AC32DD7611EE}.Release|Any CPU.Build.0 = Release|Any CPU
		{D7EFB483-2C4D-4549-8C7E-715E1451A017}.Debug|Any CPU.ActiveCfg = Debug|Any CPU
		{D7EFB483-2C4D-4549-8C7E-715E1451A017}.Debug|Any CPU.Build.0 = Debug|Any CPU
		{D7EFB483-2C4D-4549-8C7E-715E1451A017}.Release|Any CPU.ActiveCfg = Release|Any CPU
		{D7EFB483-2C4D-4549-8C7E-715E1451A017}.Release|Any CPU.Build.0 = Release|Any CPU
	EndGlobalSection
	GlobalSection(SolutionProperties) = preSolution
		HideSolutionNode = FALSE
	EndGlobalSection
	GlobalSection(ExtensibilityGlobals) = postSolution
		SolutionGuid = {560644A8-A202-43BF-97B3-59A89311569C}
	EndGlobalSection
EndGlobal
