
Microsoft Visual Studio Solution File, Format Version 12.00
# Visual Studio 15
VisualStudioVersion = 15.0.27130.2027
MinimumVisualStudioVersion = 10.0.40219.1
Project("{FAE04EC0-301F-11D3-BF4B-00C04F79EFBC}") = "XUnitTestProject1", "XUnitTestProject1\XUnitTestProject1.csproj", "{6E39C802-A9A4-42A6-BA00-357BFE1701D1}"
EndProject
Global
	GlobalSection(SolutionConfigurationPlatforms) = preSolution
		Debug|Any CPU = Debug|Any CPU
		Release|Any CPU = Release|Any CPU
	EndGlobalSection
	GlobalSection(ProjectConfigurationPlatforms) = postSolution
		{6E39C802-A9A4-42A6-BA00-357BFE1701D1}.Debug|Any CPU.ActiveCfg = Debug|Any CPU
		{6E39C802-A9A4-42A6-BA00-357BFE1701D1}.Debug|Any CPU.Build.0 = Debug|Any CPU
		{6E39C802-A9A4-42A6-BA00-357BFE1701D1}.Release|Any CPU.ActiveCfg = Release|Any CPU
		{6E39C802-A9A4-42A6-BA00-357BFE1701D1}.Release|Any CPU.Build.0 = Release|Any CPU
	EndGlobalSection
	GlobalSection(SolutionProperties) = preSolution
		HideSolutionNode = FALSE
	EndGlobalSection
	GlobalSection(ExtensibilityGlobals) = postSolution
		SolutionGuid = {A311E9C3-6372-439C-9CB2-D97C8043F2DA}
	EndGlobalSection
EndGlobal
