
Microsoft Visual Studio Solution File, Format Version 12.00
# Visual Studio 15
VisualStudioVersion = 15.0.27130.2027
MinimumVisualStudioVersion = 10.0.40219.1
Project("{FAE04EC0-301F-11D3-BF4B-00C04F79EFBC}") = "ConsoleUnitTest_BulkInsert", "ConsoleUnitTest_BulkInsert.csproj", "{9049E6ED-825F-436A-BCB0-8F52E345BC7F}"
EndProject
Global
	GlobalSection(SolutionConfigurationPlatforms) = preSolution
		Debug|Any CPU = Debug|Any CPU
		Release|Any CPU = Release|Any CPU
	EndGlobalSection
	GlobalSection(ProjectConfigurationPlatforms) = postSolution
		{9049E6ED-825F-436A-BCB0-8F52E345BC7F}.Debug|Any CPU.ActiveCfg = Debug|Any CPU
		{9049E6ED-825F-436A-BCB0-8F52E345BC7F}.Debug|Any CPU.Build.0 = Debug|Any CPU
		{9049E6ED-825F-436A-BCB0-8F52E345BC7F}.Release|Any CPU.ActiveCfg = Release|Any CPU
		{9049E6ED-825F-436A-BCB0-8F52E345BC7F}.Release|Any CPU.Build.0 = Release|Any CPU
	EndGlobalSection
	GlobalSection(SolutionProperties) = preSolution
		HideSolutionNode = FALSE
	EndGlobalSection
	GlobalSection(ExtensibilityGlobals) = postSolution
		SolutionGuid = {E93E37A8-A168-4560-AD48-8A06AF868A7A}
	EndGlobalSection
EndGlobal
